// !$*UTF8*$!
{
	archiveVersion = 1;
	classes = {
	};
	objectVersion = 48;
	objects = {

/* Begin PBXBuildFile section */
		7786936FD6E4F7317FDDE1C3 /* Pods_todov2.framework in Frameworks */ = {isa = PBXBuildFile; fileRef = B74908FE355F8A7446DBE692 /* Pods_todov2.framework */; };
		ED404B6320C39C9000D51979 /* AppDelegate.swift in Sources */ = {isa = PBXBuildFile; fileRef = ED404B6220C39C9000D51979 /* AppDelegate.swift */; };
		ED404B6820C39C9000D51979 /* Main.storyboard in Resources */ = {isa = PBXBuildFile; fileRef = ED404B6620C39C9000D51979 /* Main.storyboard */; };
		ED404B6B20C39C9000D51979 /* todov2.xcdatamodeld in Sources */ = {isa = PBXBuildFile; fileRef = ED404B6920C39C9000D51979 /* todov2.xcdatamodeld */; };
		ED404B6D20C39C9000D51979 /* Assets.xcassets in Resources */ = {isa = PBXBuildFile; fileRef = ED404B6C20C39C9000D51979 /* Assets.xcassets */; };
		ED404B7020C39C9000D51979 /* LaunchScreen.storyboard in Resources */ = {isa = PBXBuildFile; fileRef = ED404B6E20C39C9000D51979 /* LaunchScreen.storyboard */; };
		EDECE8C120C41155006564AB /* DashboardVC.swift in Sources */ = {isa = PBXBuildFile; fileRef = EDECE8C020C41155006564AB /* DashboardVC.swift */; };
		EDECE8C320C411A8006564AB /* LoginVC.swift in Sources */ = {isa = PBXBuildFile; fileRef = EDECE8C220C411A8006564AB /* LoginVC.swift */; };
/* End PBXBuildFile section */

/* Begin PBXFileReference section */
		696FB1261B8EE5ED4407115F /* Pods-todov2.release.xcconfig */ = {isa = PBXFileReference; includeInIndex = 1; lastKnownFileType = text.xcconfig; name = "Pods-todov2.release.xcconfig"; path = "Pods/Target Support Files/Pods-todov2/Pods-todov2.release.xcconfig"; sourceTree = "<group>"; };
		701DE6E5B84A423A9ED0FAE2 /* Pods-todov2.debug.xcconfig */ = {isa = PBXFileReference; includeInIndex = 1; lastKnownFileType = text.xcconfig; name = "Pods-todov2.debug.xcconfig"; path = "Pods/Target Support Files/Pods-todov2/Pods-todov2.debug.xcconfig"; sourceTree = "<group>"; };
		B74908FE355F8A7446DBE692 /* Pods_todov2.framework */ = {isa = PBXFileReference; explicitFileType = wrapper.framework; includeInIndex = 0; path = Pods_todov2.framework; sourceTree = BUILT_PRODUCTS_DIR; };
		ED404B5F20C39C9000D51979 /* todov2.app */ = {isa = PBXFileReference; explicitFileType = wrapper.application; includeInIndex = 0; path = todov2.app; sourceTree = BUILT_PRODUCTS_DIR; };
		ED404B6220C39C9000D51979 /* AppDelegate.swift */ = {isa = PBXFileReference; lastKnownFileType = sourcecode.swift; path = AppDelegate.swift; sourceTree = "<group>"; };
		ED404B6720C39C9000D51979 /* Base */ = {isa = PBXFileReference; lastKnownFileType = file.storyboard; name = Base; path = Base.lproj/Main.storyboard; sourceTree = "<group>"; };
		ED404B6A20C39C9000D51979 /* todov2.xcdatamodel */ = {isa = PBXFileReference; lastKnownFileType = wrapper.xcdatamodel; path = todov2.xcdatamodel; sourceTree = "<group>"; };
		ED404B6C20C39C9000D51979 /* Assets.xcassets */ = {isa = PBXFileReference; lastKnownFileType = folder.assetcatalog; path = Assets.xcassets; sourceTree = "<group>"; };
		ED404B6F20C39C9000D51979 /* Base */ = {isa = PBXFileReference; lastKnownFileType = file.storyboard; name = Base; path = Base.lproj/LaunchScreen.storyboard; sourceTree = "<group>"; };
		ED404B7120C39C9000D51979 /* Info.plist */ = {isa = PBXFileReference; lastKnownFileType = text.plist.xml; path = Info.plist; sourceTree = "<group>"; };
		EDECE8C020C41155006564AB /* DashboardVC.swift */ = {isa = PBXFileReference; lastKnownFileType = sourcecode.swift; path = DashboardVC.swift; sourceTree = "<group>"; };
		EDECE8C220C411A8006564AB /* LoginVC.swift */ = {isa = PBXFileReference; lastKnownFileType = sourcecode.swift; path = LoginVC.swift; sourceTree = "<group>"; };
/* End PBXFileReference section */

/* Begin PBXFrameworksBuildPhase section */
		ED404B5C20C39C9000D51979 /* Frameworks */ = {
			isa = PBXFrameworksBuildPhase;
			buildActionMask = 2147483647;
			files = (
				7786936FD6E4F7317FDDE1C3 /* Pods_todov2.framework in Frameworks */,
			);
			runOnlyForDeploymentPostprocessing = 0;
		};
/* End PBXFrameworksBuildPhase section */

/* Begin PBXGroup section */
		2BD610BBF59631DD698B3D77 /* Frameworks */ = {
			isa = PBXGroup;
			children = (
				B74908FE355F8A7446DBE692 /* Pods_todov2.framework */,
			);
			name = Frameworks;
			sourceTree = "<group>";
		};
		85C9462B673001FC01089CCE /* Pods */ = {
			isa = PBXGroup;
			children = (
				701DE6E5B84A423A9ED0FAE2 /* Pods-todov2.debug.xcconfig */,
				696FB1261B8EE5ED4407115F /* Pods-todov2.release.xcconfig */,
			);
			name = Pods;
			sourceTree = "<group>";
		};
		ED404B5620C39C9000D51979 = {
			isa = PBXGroup;
			children = (
				ED404B6120C39C9000D51979 /* todov2 */,
				ED404B6020C39C9000D51979 /* Products */,
				85C9462B673001FC01089CCE /* Pods */,
				2BD610BBF59631DD698B3D77 /* Frameworks */,
			);
			sourceTree = "<group>";
		};
		ED404B6020C39C9000D51979 /* Products */ = {
			isa = PBXGroup;
			children = (
				ED404B5F20C39C9000D51979 /* todov2.app */,
			);
			name = Products;
			sourceTree = "<group>";
		};
		ED404B6120C39C9000D51979 /* todov2 */ = {
			isa = PBXGroup;
			children = (
				EDECE8BD20C40B68006564AB /* model */,
				EDECE8BE20C40B75006564AB /* view */,
				EDECE8BF20C40B7C006564AB /* controller */,
				ED404B6C20C39C9000D51979 /* Assets.xcassets */,
				ED404B7120C39C9000D51979 /* Info.plist */,
				ED404B6920C39C9000D51979 /* todov2.xcdatamodeld */,
			);
			path = todov2;
			sourceTree = "<group>";
		};
		EDECE8BD20C40B68006564AB /* model */ = {
			isa = PBXGroup;
			children = (
			);
			path = model;
			sourceTree = "<group>";
		};
		EDECE8BE20C40B75006564AB /* view */ = {
			isa = PBXGroup;
			children = (
				ED404B6E20C39C9000D51979 /* LaunchScreen.storyboard */,
				ED404B6620C39C9000D51979 /* Main.storyboard */,
			);
			path = view;
			sourceTree = "<group>";
		};
		EDECE8BF20C40B7C006564AB /* controller */ = {
			isa = PBXGroup;
			children = (
				ED404B6220C39C9000D51979 /* AppDelegate.swift */,
				EDECE8C220C411A8006564AB /* LoginVC.swift */,
				EDECE8C020C41155006564AB /* DashboardVC.swift */,
			);
			path = controller;
			sourceTree = "<group>";
		};
/* End PBXGroup section */

/* Begin PBXNativeTarget section */
		ED404B5E20C39C9000D51979 /* todov2 */ = {
			isa = PBXNativeTarget;
			buildConfigurationList = ED404B7420C39C9000D51979 /* Build configuration list for PBXNativeTarget "todov2" */;
			buildPhases = (
				FF72BD46C8A48878D077C744 /* [CP] Check Pods Manifest.lock */,
				ED404B5B20C39C9000D51979 /* Sources */,
				ED404B5C20C39C9000D51979 /* Frameworks */,
				ED404B5D20C39C9000D51979 /* Resources */,
				A886D39CFFAE6390C140CCB9 /* [CP] Embed Pods Frameworks */,
				FECA6652B6D195391414A3DE /* [CP] Copy Pods Resources */,
			);
			buildRules = (
			);
			dependencies = (
			);
			name = todov2;
			productName = todov2;
			productReference = ED404B5F20C39C9000D51979 /* todov2.app */;
			productType = "com.apple.product-type.application";
		};
/* End PBXNativeTarget section */

/* Begin PBXProject section */
		ED404B5720C39C9000D51979 /* Project object */ = {
			isa = PBXProject;
			attributes = {
				LastSwiftUpdateCheck = 0920;
				LastUpgradeCheck = 0920;
				ORGANIZATIONNAME = "Rishabh Anand";
				TargetAttributes = {
					ED404B5E20C39C9000D51979 = {
						CreatedOnToolsVersion = 9.2;
						ProvisioningStyle = Automatic;
					};
				};
			};
			buildConfigurationList = ED404B5A20C39C9000D51979 /* Build configuration list for PBXProject "todov2" */;
			compatibilityVersion = "Xcode 8.0";
			developmentRegion = en;
			hasScannedForEncodings = 0;
			knownRegions = (
				en,
				Base,
			);
			mainGroup = ED404B5620C39C9000D51979;
			productRefGroup = ED404B6020C39C9000D51979 /* Products */;
			projectDirPath = "";
			projectRoot = "";
			targets = (
				ED404B5E20C39C9000D51979 /* todov2 */,
			);
		};
/* End PBXProject section */

/* Begin PBXResourcesBuildPhase section */
		ED404B5D20C39C9000D51979 /* Resources */ = {
			isa = PBXResourcesBuildPhase;
			buildActionMask = 2147483647;
			files = (
				ED404B7020C39C9000D51979 /* LaunchScreen.storyboard in Resources */,
				ED404B6D20C39C9000D51979 /* Assets.xcassets in Resources */,
				ED404B6820C39C9000D51979 /* Main.storyboard in Resources */,
			);
			runOnlyForDeploymentPostprocessing = 0;
		};
/* End PBXResourcesBuildPhase section */

/* Begin PBXShellScriptBuildPhase section */
		A886D39CFFAE6390C140CCB9 /* [CP] Embed Pods Frameworks */ = {
			isa = PBXShellScriptBuildPhase;
			buildActionMask = 2147483647;
			files = (
			);
			inputPaths = (
				"${SRCROOT}/Pods/Target Support Files/Pods-todov2/Pods-todov2-frameworks.sh",
				"${BUILT_PRODUCTS_DIR}/Alamofire/Alamofire.framework",
				"${BUILT_PRODUCTS_DIR}/SwiftyJSON/SwiftyJSON.framework",
			);
			name = "[CP] Embed Pods Frameworks";
			outputPaths = (
				"${TARGET_BUILD_DIR}/${FRAMEWORKS_FOLDER_PATH}/Alamofire.framework",
				"${TARGET_BUILD_DIR}/${FRAMEWORKS_FOLDER_PATH}/SwiftyJSON.framework",
			);
			runOnlyForDeploymentPostprocessing = 0;
			shellPath = /bin/sh;
			shellScript = "\"${SRCROOT}/Pods/Target Support Files/Pods-todov2/Pods-todov2-frameworks.sh\"\n";
			showEnvVarsInLog = 0;
		};
		FECA6652B6D195391414A3DE /* [CP] Copy Pods Resources */ = {
			isa = PBXShellScriptBuildPhase;
			buildActionMask = 2147483647;
			files = (
			);
			inputPaths = (
			);
			name = "[CP] Copy Pods Resources";
			outputPaths = (
			);
			runOnlyForDeploymentPostprocessing = 0;
			shellPath = /bin/sh;
			shellScript = "\"${SRCROOT}/Pods/Target Support Files/Pods-todov2/Pods-todov2-resources.sh\"\n";
			showEnvVarsInLog = 0;
		};
		FF72BD46C8A48878D077C744 /* [CP] Check Pods Manifest.lock */ = {
			isa = PBXShellScriptBuildPhase;
			buildActionMask = 2147483647;
			files = (
			);
			inputPaths = (
				"${PODS_PODFILE_DIR_PATH}/Podfile.lock",
				"${PODS_ROOT}/Manifest.lock",
			);
			name = "[CP] Check Pods Manifest.lock";
			outputPaths = (
				"$(DERIVED_FILE_DIR)/Pods-todov2-checkManifestLockResult.txt",
			);
			runOnlyForDeploymentPostprocessing = 0;
			shellPath = /bin/sh;
			shellScript = "diff \"${PODS_PODFILE_DIR_PATH}/Podfile.lock\" \"${PODS_ROOT}/Manifest.lock\" > /dev/null\nif [ $? != 0 ] ; then\n    # print error to STDERR\n    echo \"error: The sandbox is not in sync with the Podfile.lock. Run 'pod install' or update your CocoaPods installation.\" >&2\n    exit 1\nfi\n# This output is used by Xcode 'outputs' to avoid re-running this script phase.\necho \"SUCCESS\" > \"${SCRIPT_OUTPUT_FILE_0}\"\n";
			showEnvVarsInLog = 0;
		};
/* End PBXShellScriptBuildPhase section */

/* Begin PBXSourcesBuildPhase section */
		ED404B5B20C39C9000D51979 /* Sources */ = {
			isa = PBXSourcesBuildPhase;
			buildActionMask = 2147483647;
			files = (
				ED404B6B20C39C9000D51979 /* todov2.xcdatamodeld in Sources */,
				EDECE8C120C41155006564AB /* DashboardVC.swift in Sources */,
				EDECE8C320C411A8006564AB /* LoginVC.swift in Sources */,
				ED404B6320C39C9000D51979 /* AppDelegate.swift in Sources */,
			);
			runOnlyForDeploymentPostprocessing = 0;
		};
/* End PBXSourcesBuildPhase section */

/* Begin PBXVariantGroup section */
		ED404B6620C39C9000D51979 /* Main.storyboard */ = {
			isa = PBXVariantGroup;
			children = (
				ED404B6720C39C9000D51979 /* Base */,
			);
			name = Main.storyboard;
			sourceTree = "<group>";
		};
		ED404B6E20C39C9000D51979 /* LaunchScreen.storyboard */ = {
			isa = PBXVariantGroup;
			children = (
				ED404B6F20C39C9000D51979 /* Base */,
			);
			name = LaunchScreen.storyboard;
			sourceTree = "<group>";
		};
/* End PBXVariantGroup section */

/* Begin XCBuildConfiguration section */
		ED404B7220C39C9000D51979 /* Debug */ = {
			isa = XCBuildConfiguration;
			buildSettings = {
				ALWAYS_SEARCH_USER_PATHS = NO;
				CLANG_ANALYZER_NONNULL = YES;
				CLANG_ANALYZER_NUMBER_OBJECT_CONVERSION = YES_AGGRESSIVE;
				CLANG_CXX_LANGUAGE_STANDARD = "gnu++14";
				CLANG_CXX_LIBRARY = "libc++";
				CLANG_ENABLE_MODULES = YES;
				CLANG_ENABLE_OBJC_ARC = YES;
				CLANG_WARN_BLOCK_CAPTURE_AUTORELEASING = YES;
				CLANG_WARN_BOOL_CONVERSION = YES;
				CLANG_WARN_COMMA = YES;
				CLANG_WARN_CONSTANT_CONVERSION = YES;
				CLANG_WARN_DIRECT_OBJC_ISA_USAGE = YES_ERROR;
				CLANG_WARN_DOCUMENTATION_COMMENTS = YES;
				CLANG_WARN_EMPTY_BODY = YES;
				CLANG_WARN_ENUM_CONVERSION = YES;
				CLANG_WARN_INFINITE_RECURSION = YES;
				CLANG_WARN_INT_CONVERSION = YES;
				CLANG_WARN_NON_LITERAL_NULL_CONVERSION = YES;
				CLANG_WARN_OBJC_LITERAL_CONVERSION = YES;
				CLANG_WARN_OBJC_ROOT_CLASS = YES_ERROR;
				CLANG_WARN_RANGE_LOOP_ANALYSIS = YES;
				CLANG_WARN_STRICT_PROTOTYPES = YES;
				CLANG_WARN_SUSPICIOUS_MOVE = YES;
				CLANG_WARN_UNGUARDED_AVAILABILITY = YES_AGGRESSIVE;
				CLANG_WARN_UNREACHABLE_CODE = YES;
				CLANG_WARN__DUPLICATE_METHOD_MATCH = YES;
				CODE_SIGN_IDENTITY = "iPhone Developer";
				COPY_PHASE_STRIP = NO;
				DEBUG_INFORMATION_FORMAT = dwarf;
				ENABLE_STRICT_OBJC_MSGSEND = YES;
				ENABLE_TESTABILITY = YES;
				GCC_C_LANGUAGE_STANDARD = gnu11;
				GCC_DYNAMIC_NO_PIC = NO;
				GCC_NO_COMMON_BLOCKS = YES;
				GCC_OPTIMIZATION_LEVEL = 0;
				GCC_PREPROCESSOR_DEFINITIONS = (
					"DEBUG=1",
					"$(inherited)",
				);
				GCC_WARN_64_TO_32_BIT_CONVERSION = YES;
				GCC_WARN_ABOUT_RETURN_TYPE = YES_ERROR;
				GCC_WARN_UNDECLARED_SELECTOR = YES;
				GCC_WARN_UNINITIALIZED_AUTOS = YES_AGGRESSIVE;
				GCC_WARN_UNUSED_FUNCTION = YES;
				GCC_WARN_UNUSED_VARIABLE = YES;
				IPHONEOS_DEPLOYMENT_TARGET = 11.2;
				MTL_ENABLE_DEBUG_INFO = YES;
				ONLY_ACTIVE_ARCH = YES;
				SDKROOT = iphoneos;
				SWIFT_ACTIVE_COMPILATION_CONDITIONS = DEBUG;
				SWIFT_OPTIMIZATION_LEVEL = "-Onone";
			};
			name = Debug;
		};
		ED404B7320C39C9000D51979 /* Release */ = {
			isa = XCBuildConfiguration;
			buildSettings = {
				ALWAYS_SEARCH_USER_PATHS = NO;
				CLANG_ANALYZER_NONNULL = YES;
				CLANG_ANALYZER_NUMBER_OBJECT_CONVERSION = YES_AGGRESSIVE;
				CLANG_CXX_LANGUAGE_STANDARD = "gnu++14";
				CLANG_CXX_LIBRARY = "libc++";
				CLANG_ENABLE_MODULES = YES;
				CLANG_ENABLE_OBJC_ARC = YES;
				CLANG_WARN_BLOCK_CAPTURE_AUTORELEASING = YES;
				CLANG_WARN_BOOL_CONVERSION = YES;
				CLANG_WARN_COMMA = YES;
				CLANG_WARN_CONSTANT_CONVERSION = YES;
				CLANG_WARN_DIRECT_OBJC_ISA_USAGE = YES_ERROR;
				CLANG_WARN_DOCUMENTATION_COMMENTS = YES;
				CLANG_WARN_EMPTY_BODY = YES;
				CLANG_WARN_ENUM_CONVERSION = YES;
				CLANG_WARN_INFINITE_RECURSION = YES;
				CLANG_WARN_INT_CONVERSION = YES;
				CLANG_WARN_NON_LITERAL_NULL_CONVERSION = YES;
				CLANG_WARN_OBJC_LITERAL_CONVERSION = YES;
				CLANG_WARN_OBJC_ROOT_CLASS = YES_ERROR;
				CLANG_WARN_RANGE_LOOP_ANALYSIS = YES;
				CLANG_WARN_STRICT_PROTOTYPES = YES;
				CLANG_WARN_SUSPICIOUS_MOVE = YES;
				CLANG_WARN_UNGUARDED_AVAILABILITY = YES_AGGRESSIVE;
				CLANG_WARN_UNREACHABLE_CODE = YES;
				CLANG_WARN__DUPLICATE_METHOD_MATCH = YES;
				CODE_SIGN_IDENTITY = "iPhone Developer";
				COPY_PHASE_STRIP = NO;
				DEBUG_INFORMATION_FORMAT = "dwarf-with-dsym";
				ENABLE_NS_ASSERTIONS = NO;
				ENABLE_STRICT_OBJC_MSGSEND = YES;
				GCC_C_LANGUAGE_STANDARD = gnu11;
				GCC_NO_COMMON_BLOCKS = YES;
				GCC_WARN_64_TO_32_BIT_CONVERSION = YES;
				GCC_WARN_ABOUT_RETURN_TYPE = YES_ERROR;
				GCC_WARN_UNDECLARED_SELECTOR = YES;
				GCC_WARN_UNINITIALIZED_AUTOS = YES_AGGRESSIVE;
				GCC_WARN_UNUSED_FUNCTION = YES;
				GCC_WARN_UNUSED_VARIABLE = YES;
				IPHONEOS_DEPLOYMENT_TARGET = 11.2;
				MTL_ENABLE_DEBUG_INFO = NO;
				SDKROOT = iphoneos;
				SWIFT_OPTIMIZATION_LEVEL = "-Owholemodule";
				VALIDATE_PRODUCT = YES;
			};
			name = Release;
		};
		ED404B7520C39C9000D51979 /* Debug */ = {
			isa = XCBuildConfiguration;
			baseConfigurationReference = 701DE6E5B84A423A9ED0FAE2 /* Pods-todov2.debug.xcconfig */;
			buildSettings = {
				ASSETCATALOG_COMPILER_APPICON_NAME = AppIcon;
				CODE_SIGN_STYLE = Automatic;
				DEVELOPMENT_TEAM = YM6994TXWL;
				INFOPLIST_FILE = todov2/Info.plist;
				LD_RUNPATH_SEARCH_PATHS = "$(inherited) @executable_path/Frameworks";
				PRODUCT_BUNDLE_IDENTIFIER = happie.todov2;
				PRODUCT_NAME = "$(TARGET_NAME)";
				SWIFT_VERSION = 4.0;
				TARGETED_DEVICE_FAMILY = "1,2";
			};
			name = Debug;
		};
		ED404B7620C39C9000D51979 /* Release */ = {
			isa = XCBuildConfiguration;
			baseConfigurationReference = 696FB1261B8EE5ED4407115F /* Pods-todov2.release.xcconfig */;
			buildSettings = {
				ASSETCATALOG_COMPILER_APPICON_NAME = AppIcon;
				CODE_SIGN_STYLE = Automatic;
				DEVELOPMENT_TEAM = YM6994TXWL;
				INFOPLIST_FILE = todov2/Info.plist;
				LD_RUNPATH_SEARCH_PATHS = "$(inherited) @executable_path/Frameworks";
				PRODUCT_BUNDLE_IDENTIFIER = happie.todov2;
				PRODUCT_NAME = "$(TARGET_NAME)";
				SWIFT_VERSION = 4.0;
				TARGETED_DEVICE_FAMILY = "1,2";
			};
			name = Release;
		};
/* End XCBuildConfiguration section */

/* Begin XCConfigurationList section */
		ED404B5A20C39C9000D51979 /* Build configuration list for PBXProject "todov2" */ = {
			isa = XCConfigurationList;
			buildConfigurations = (
				ED404B7220C39C9000D51979 /* Debug */,
				ED404B7320C39C9000D51979 /* Release */,
			);
			defaultConfigurationIsVisible = 0;
			defaultConfigurationName = Release;
		};
		ED404B7420C39C9000D51979 /* Build configuration list for PBXNativeTarget "todov2" */ = {
			isa = XCConfigurationList;
			buildConfigurations = (
				ED404B7520C39C9000D51979 /* Debug */,
				ED404B7620C39C9000D51979 /* Release */,
			);
			defaultConfigurationIsVisible = 0;
			defaultConfigurationName = Release;
		};
/* End XCConfigurationList section */

/* Begin XCVersionGroup section */
		ED404B6920C39C9000D51979 /* todov2.xcdatamodeld */ = {
			isa = XCVersionGroup;
			children = (
				ED404B6A20C39C9000D51979 /* todov2.xcdatamodel */,
			);
			currentVersion = ED404B6A20C39C9000D51979 /* todov2.xcdatamodel */;
			path = todov2.xcdatamodeld;
			sourceTree = "<group>";
			versionGroupType = wrapper.xcdatamodel;
		};
/* End XCVersionGroup section */
	};
	rootObject = ED404B5720C39C9000D51979 /* Project object */;
}
